
Microsoft Visual Studio Solution File, Format Version 12.00
# Visual Studio 15
VisualStudioVersion = 15.0.28307.329
MinimumVisualStudioVersion = 10.0.40219.1
Project("{9A19103F-16F7-4668-BE54-9A1E7A4F7556}") = "GigHubNext", "GigHubNext\GigHubNext.csproj", "{8A9835F5-FCDA-4F51-8D28-395E09A7C8A2}"
EndProject
Project("{FAE04EC0-301F-11D3-BF4B-00C04F79EFBC}") = "TagHelpersLib", "TagHelpersLib\TagHelpersLib.csproj", "{0306317F-1A17-450A-8F07-0271827CB2A6}"
EndProject
Global
	GlobalSection(SolutionConfigurationPlatforms) = preSolution
		Debug|Any CPU = Debug|Any CPU
		Release|Any CPU = Release|Any CPU
	EndGlobalSection
	GlobalSection(ProjectConfigurationPlatforms) = postSolution
		{8A9835F5-FCDA-4F51-8D28-395E09A7C8A2}.Debug|Any CPU.ActiveCfg = Debug|Any CPU
		{8A9835F5-FCDA-4F51-8D28-395E09A7C8A2}.Debug|Any CPU.Build.0 = Debug|Any CPU
		{8A9835F5-FCDA-4F51-8D28-395E09A7C8A2}.Release|Any CPU.ActiveCfg = Release|Any CPU
		{8A9835F5-FCDA-4F51-8D28-395E09A7C8A2}.Release|Any CPU.Build.0 = Release|Any CPU
		{0306317F-1A17-450A-8F07-0271827CB2A6}.Debug|Any CPU.ActiveCfg = Debug|Any CPU
		{0306317F-1A17-450A-8F07-0271827CB2A6}.Debug|Any CPU.Build.0 = Debug|Any CPU
		{0306317F-1A17-450A-8F07-0271827CB2A6}.Release|Any CPU.ActiveCfg = Release|Any CPU
		{0306317F-1A17-450A-8F07-0271827CB2A6}.Release|Any CPU.Build.0 = Release|Any CPU
	EndGlobalSection
	GlobalSection(SolutionProperties) = preSolution
		HideSolutionNode = FALSE
	EndGlobalSection
	GlobalSection(ExtensibilityGlobals) = postSolution
		SolutionGuid = {876906EA-BE68-4C1A-9A01-A30AF4C7CE54}
	EndGlobalSection
EndGlobal
